<?xml version="1.0" encoding="utf-8"?>
<Project ToolsVersion="4.0" xmlns="http://schemas.microsoft.com/developer/msbuild/2003">
  <ItemGroup>
    <Filter Include="Resource Files">
      <UniqueIdentifier>{67DA6AB6-F800-4c08-8B7A-83BB121AAD01}</UniqueIdentifier>
      <Extensions>rc;ico;cur;bmp;dlg;rc2;rct;bin;rgs;gif;jpg;jpeg;jpe;resx;tiff;tif;png;wav;mfcribbon-ms</Extensions>
    </Filter>
    <Filter Include="src">
      <UniqueIdentifier>{4FC737F1-C7A5-4376-A066-2A32D752A2FF}</UniqueIdentifier>
      <Extensions>cpp;c;cc;cxx;def;odl;idl;hpj;bat;asm;asmx</Extensions>
    </Filter>
  </ItemGroup>
  <ItemGroup>
    <ClInclude Include="stdafx.h">
      <Filter>src</Filter>
    </ClInclude>
    <ClInclude Include="targetver.h">
      <Filter>src</Filter>
    </ClInclude>
    <ClInclude Include="lodepng.h">
      <Filter>src</Filter>
    </ClInclude>
    <ClInclude Include="Ritual.h">
      <Filter>src</Filter>
    </ClInclude>
    <ClInclude Include="World.h">
      <Filter>src</Filter>
    </ClInclude>
    <ClInclude Include="CommonConverters.h">
      <Filter>src</Filter>
    </ClInclude>
    <ClInclude Include="Scrub.h">
      <Filter>src</Filter>
    </ClInclude>
    <ClInclude Include="Button.h">
      <Filter>src</Filter>
    </ClInclude>
    <ClInclude Include="AudioManager.h">
      <Filter>src</Filter>
    </ClInclude>
    <ClInclude Include="audio\bass.h">
      <Filter>src</Filter>
    </ClInclude>
  </ItemGroup>
  <ItemGroup>
    <ClCompile Include="stdafx.cpp">
      <Filter>src</Filter>
    </ClCompile>
    <ClCompile Include="Ritual.cpp">
      <Filter>src</Filter>
    </ClCompile>
    <ClCompile Include="lodepng.cpp">
      <Filter>src</Filter>
    </ClCompile>
    <ClCompile Include="simulation.cpp">
      <Filter>src</Filter>
    </ClCompile>
    <ClCompile Include="World.cpp">
      <Filter>src</Filter>
    </ClCompile>
    <ClCompile Include="Scrub.cpp">
      <Filter>src</Filter>
    </ClCompile>
    <ClCompile Include="Button.cpp">
      <Filter>src</Filter>
    </ClCompile>
    <ClCompile Include="navigation.cpp">
      <Filter>src</Filter>
    </ClCompile>
    <ClCompile Include="AudioManager.cpp">
      <Filter>src</Filter>
    </ClCompile>
  </ItemGroup>
</Project>